
Microsoft Visual Studio Solution File, Format Version 12.00
# Visual Studio Version 16
VisualStudioVersion = 16.0.31729.503
MinimumVisualStudioVersion = 10.0.40219.1
Project("{FAE04EC0-301F-11D3-BF4B-00C04F79EFBC}") = "TempoDeJogoComMinutos", "TempoDeJogoComMinutos\TempoDeJogoComMinutos.csproj", "{EDE0F06E-BD51-4CD1-BE31-95E6BD72A66D}"
EndProject
Global
	GlobalSection(SolutionConfigurationPlatforms) = preSolution
		Debug|Any CPU = Debug|Any CPU
		Release|Any CPU = Release|Any CPU
	EndGlobalSection
	GlobalSection(ProjectConfigurationPlatforms) = postSolution
		{EDE0F06E-BD51-4CD1-BE31-95E6BD72A66D}.Debug|Any CPU.ActiveCfg = Debug|Any CPU
		{EDE0F06E-BD51-4CD1-BE31-95E6BD72A66D}.Debug|Any CPU.Build.0 = Debug|Any CPU
		{EDE0F06E-BD51-4CD1-BE31-95E6BD72A66D}.Release|Any CPU.ActiveCfg = Release|Any CPU
		{EDE0F06E-BD51-4CD1-BE31-95E6BD72A66D}.Release|Any CPU.Build.0 = Release|Any CPU
	EndGlobalSection
	GlobalSection(SolutionProperties) = preSolution
		HideSolutionNode = FALSE
	EndGlobalSection
	GlobalSection(ExtensibilityGlobals) = postSolution
		SolutionGuid = {3D894715-27B2-490E-981A-54B6C5485656}
	EndGlobalSection
EndGlobal
