
Microsoft Visual Studio Solution File, Format Version 12.00
# Visual Studio Version 16
VisualStudioVersion = 16.0.31729.503
MinimumVisualStudioVersion = 10.0.40219.1
Project("{FAE04EC0-301F-11D3-BF4B-00C04F79EFBC}") = "EncadeamentoDeEstrutura", "EncadeamentoDeEstrutura\EncadeamentoDeEstrutura.csproj", "{040EFA99-E05F-4D66-9924-CC2C7C98D304}"
EndProject
Global
	GlobalSection(SolutionConfigurationPlatforms) = preSolution
		Debug|Any CPU = Debug|Any CPU
		Release|Any CPU = Release|Any CPU
	EndGlobalSection
	GlobalSection(ProjectConfigurationPlatforms) = postSolution
		{040EFA99-E05F-4D66-9924-CC2C7C98D304}.Debug|Any CPU.ActiveCfg = Debug|Any CPU
		{040EFA99-E05F-4D66-9924-CC2C7C98D304}.Debug|Any CPU.Build.0 = Debug|Any CPU
		{040EFA99-E05F-4D66-9924-CC2C7C98D304}.Release|Any CPU.ActiveCfg = Release|Any CPU
		{040EFA99-E05F-4D66-9924-CC2C7C98D304}.Release|Any CPU.Build.0 = Release|Any CPU
	EndGlobalSection
	GlobalSection(SolutionProperties) = preSolution
		HideSolutionNode = FALSE
	EndGlobalSection
	GlobalSection(ExtensibilityGlobals) = postSolution
		SolutionGuid = {DEACEA2C-F794-4FA3-8176-AB6B03A4ACC1}
	EndGlobalSection
EndGlobal
