
Microsoft Visual Studio Solution File, Format Version 12.00
# Visual Studio Version 16
VisualStudioVersion = 16.0.31729.503
MinimumVisualStudioVersion = 10.0.40219.1
Project("{FAE04EC0-301F-11D3-BF4B-00C04F79EFBC}") = "CalculoSimples", "CalculoSimples\CalculoSimples.csproj", "{428F2275-0AD8-42B5-839F-C30FF428C325}"
EndProject
Global
	GlobalSection(SolutionConfigurationPlatforms) = preSolution
		Debug|Any CPU = Debug|Any CPU
		Release|Any CPU = Release|Any CPU
	EndGlobalSection
	GlobalSection(ProjectConfigurationPlatforms) = postSolution
		{428F2275-0AD8-42B5-839F-C30FF428C325}.Debug|Any CPU.ActiveCfg = Debug|Any CPU
		{428F2275-0AD8-42B5-839F-C30FF428C325}.Debug|Any CPU.Build.0 = Debug|Any CPU
		{428F2275-0AD8-42B5-839F-C30FF428C325}.Release|Any CPU.ActiveCfg = Release|Any CPU
		{428F2275-0AD8-42B5-839F-C30FF428C325}.Release|Any CPU.Build.0 = Release|Any CPU
	EndGlobalSection
	GlobalSection(SolutionProperties) = preSolution
		HideSolutionNode = FALSE
	EndGlobalSection
	GlobalSection(ExtensibilityGlobals) = postSolution
		SolutionGuid = {C929D662-816F-4162-A000-FAFBC2A11737}
	EndGlobalSection
EndGlobal
