
Microsoft Visual Studio Solution File, Format Version 12.00
# Visual Studio Version 16
VisualStudioVersion = 16.0.31729.503
MinimumVisualStudioVersion = 10.0.40219.1
Project("{FAE04EC0-301F-11D3-BF4B-00C04F79EFBC}") = "Media3", "Media3\Media3.csproj", "{70F62B23-0612-411B-AA64-42839BE8E983}"
EndProject
Global
	GlobalSection(SolutionConfigurationPlatforms) = preSolution
		Debug|Any CPU = Debug|Any CPU
		Release|Any CPU = Release|Any CPU
	EndGlobalSection
	GlobalSection(ProjectConfigurationPlatforms) = postSolution
		{70F62B23-0612-411B-AA64-42839BE8E983}.Debug|Any CPU.ActiveCfg = Debug|Any CPU
		{70F62B23-0612-411B-AA64-42839BE8E983}.Debug|Any CPU.Build.0 = Debug|Any CPU
		{70F62B23-0612-411B-AA64-42839BE8E983}.Release|Any CPU.ActiveCfg = Release|Any CPU
		{70F62B23-0612-411B-AA64-42839BE8E983}.Release|Any CPU.Build.0 = Release|Any CPU
	EndGlobalSection
	GlobalSection(SolutionProperties) = preSolution
		HideSolutionNode = FALSE
	EndGlobalSection
	GlobalSection(ExtensibilityGlobals) = postSolution
		SolutionGuid = {6512B726-D6D1-41DF-9AB2-6F4F28F95FCD}
	EndGlobalSection
EndGlobal
