
Microsoft Visual Studio Solution File, Format Version 12.00
# Visual Studio Version 16
VisualStudioVersion = 16.0.31729.503
MinimumVisualStudioVersion = 10.0.40219.1
Project("{FAE04EC0-301F-11D3-BF4B-00C04F79EFBC}") = "Tabuada", "Tabuada\Tabuada.csproj", "{37A8F305-5F57-496F-BCFF-E0AFEDF699C0}"
EndProject
Global
	GlobalSection(SolutionConfigurationPlatforms) = preSolution
		Debug|Any CPU = Debug|Any CPU
		Release|Any CPU = Release|Any CPU
	EndGlobalSection
	GlobalSection(ProjectConfigurationPlatforms) = postSolution
		{37A8F305-5F57-496F-BCFF-E0AFEDF699C0}.Debug|Any CPU.ActiveCfg = Debug|Any CPU
		{37A8F305-5F57-496F-BCFF-E0AFEDF699C0}.Debug|Any CPU.Build.0 = Debug|Any CPU
		{37A8F305-5F57-496F-BCFF-E0AFEDF699C0}.Release|Any CPU.ActiveCfg = Release|Any CPU
		{37A8F305-5F57-496F-BCFF-E0AFEDF699C0}.Release|Any CPU.Build.0 = Release|Any CPU
	EndGlobalSection
	GlobalSection(SolutionProperties) = preSolution
		HideSolutionNode = FALSE
	EndGlobalSection
	GlobalSection(ExtensibilityGlobals) = postSolution
		SolutionGuid = {30BA705F-A58B-42BB-91C9-97028CE0B4E1}
	EndGlobalSection
EndGlobal
