
Microsoft Visual Studio Solution File, Format Version 12.00
# Visual Studio Version 16
VisualStudioVersion = 16.0.31729.503
MinimumVisualStudioVersion = 10.0.40219.1
Project("{FAE04EC0-301F-11D3-BF4B-00C04F79EFBC}") = "Media idade", "Media idade\Media idade.csproj", "{F96DA0E7-D3B0-4352-8132-913D026B7961}"
EndProject
Global
	GlobalSection(SolutionConfigurationPlatforms) = preSolution
		Debug|Any CPU = Debug|Any CPU
		Release|Any CPU = Release|Any CPU
	EndGlobalSection
	GlobalSection(ProjectConfigurationPlatforms) = postSolution
		{F96DA0E7-D3B0-4352-8132-913D026B7961}.Debug|Any CPU.ActiveCfg = Debug|Any CPU
		{F96DA0E7-D3B0-4352-8132-913D026B7961}.Debug|Any CPU.Build.0 = Debug|Any CPU
		{F96DA0E7-D3B0-4352-8132-913D026B7961}.Release|Any CPU.ActiveCfg = Release|Any CPU
		{F96DA0E7-D3B0-4352-8132-913D026B7961}.Release|Any CPU.Build.0 = Release|Any CPU
	EndGlobalSection
	GlobalSection(SolutionProperties) = preSolution
		HideSolutionNode = FALSE
	EndGlobalSection
	GlobalSection(ExtensibilityGlobals) = postSolution
		SolutionGuid = {0DAD1C63-A607-4D1E-B761-4CFDC5610F24}
	EndGlobalSection
EndGlobal
