
Microsoft Visual Studio Solution File, Format Version 12.00
# Visual Studio Version 16
VisualStudioVersion = 16.0.31729.503
MinimumVisualStudioVersion = 10.0.40219.1
Project("{FAE04EC0-301F-11D3-BF4B-00C04F79EFBC}") = "Area", "Area\Area.csproj", "{62499872-DDF4-4FA3-B8B5-D24DEE44BBED}"
EndProject
Global
	GlobalSection(SolutionConfigurationPlatforms) = preSolution
		Debug|Any CPU = Debug|Any CPU
		Release|Any CPU = Release|Any CPU
	EndGlobalSection
	GlobalSection(ProjectConfigurationPlatforms) = postSolution
		{62499872-DDF4-4FA3-B8B5-D24DEE44BBED}.Debug|Any CPU.ActiveCfg = Debug|Any CPU
		{62499872-DDF4-4FA3-B8B5-D24DEE44BBED}.Debug|Any CPU.Build.0 = Debug|Any CPU
		{62499872-DDF4-4FA3-B8B5-D24DEE44BBED}.Release|Any CPU.ActiveCfg = Release|Any CPU
		{62499872-DDF4-4FA3-B8B5-D24DEE44BBED}.Release|Any CPU.Build.0 = Release|Any CPU
	EndGlobalSection
	GlobalSection(SolutionProperties) = preSolution
		HideSolutionNode = FALSE
	EndGlobalSection
	GlobalSection(ExtensibilityGlobals) = postSolution
		SolutionGuid = {F54E60F8-3939-4193-AE5F-684EE62A68E1}
	EndGlobalSection
EndGlobal
