
Microsoft Visual Studio Solution File, Format Version 12.00
# Visual Studio Version 16
VisualStudioVersion = 16.0.31729.503
MinimumVisualStudioVersion = 10.0.40219.1
Project("{FAE04EC0-301F-11D3-BF4B-00C04F79EFBC}") = "Uri_Extremamente_basico", "Uri_Extremamente_basico\Uri_Extremamente_basico.csproj", "{BF4F8689-4A17-4A13-AFFB-FECFE20C296D}"
EndProject
Global
	GlobalSection(SolutionConfigurationPlatforms) = preSolution
		Debug|Any CPU = Debug|Any CPU
		Release|Any CPU = Release|Any CPU
	EndGlobalSection
	GlobalSection(ProjectConfigurationPlatforms) = postSolution
		{BF4F8689-4A17-4A13-AFFB-FECFE20C296D}.Debug|Any CPU.ActiveCfg = Debug|Any CPU
		{BF4F8689-4A17-4A13-AFFB-FECFE20C296D}.Debug|Any CPU.Build.0 = Debug|Any CPU
		{BF4F8689-4A17-4A13-AFFB-FECFE20C296D}.Release|Any CPU.ActiveCfg = Release|Any CPU
		{BF4F8689-4A17-4A13-AFFB-FECFE20C296D}.Release|Any CPU.Build.0 = Release|Any CPU
	EndGlobalSection
	GlobalSection(SolutionProperties) = preSolution
		HideSolutionNode = FALSE
	EndGlobalSection
	GlobalSection(ExtensibilityGlobals) = postSolution
		SolutionGuid = {3EE2009E-EB1B-4D0B-AF05-01BEA516B42A}
	EndGlobalSection
EndGlobal
